
Microsoft Visual Studio Solution File, Format Version 12.00
# Visual Studio Version 16
VisualStudioVersion = 16.0.31515.178
MinimumVisualStudioVersion = 10.0.40219.1
Project("{9A19103F-16F7-4668-BE54-9A1E7A4F7556}") = "AtacadoCore.DAL", "AtacadoCore.DAL\AtacadoCore.DAL.csproj", "{F0095F9B-9811-425E-B378-50D91C051355}"
EndProject
Project("{9A19103F-16F7-4668-BE54-9A1E7A4F7556}") = "AtacadoCore.POCO", "AtacadoCore.POCO\AtacadoCore.POCO.csproj", "{51A0DB57-E88C-4914-86BE-AA791DD3F1EE}"
EndProject
Project("{9A19103F-16F7-4668-BE54-9A1E7A4F7556}") = "AtacadoCore.MAPA", "AtacadoCore.MAPA\AtacadoCore.MAPA.csproj", "{8784975D-A009-4FD9-9493-8F260C5D40EE}"
EndProject
Project("{2150E333-8FDC-42A3-9474-1A3956D46DE8}") = "Camada1", "Camada1", "{47DBF204-06E2-4C9D-AF0A-CD5C4BAB5790}"
EndProject
Project("{2150E333-8FDC-42A3-9474-1A3956D46DE8}") = "Camada2", "Camada2", "{C9E58250-DB13-4549-96C4-A6693861CAD8}"
EndProject
Project("{2150E333-8FDC-42A3-9474-1A3956D46DE8}") = "Camada3", "Camada3", "{7D4D23B4-9CE7-4290-AB2C-AE968583BFA8}"
EndProject
Project("{9A19103F-16F7-4668-BE54-9A1E7A4F7556}") = "AtacadoCore.REPO", "AtacadoCore.REPO\AtacadoCore.REPO.csproj", "{A05C50CB-04FD-409C-9A0B-8106BC3F6C8E}"
EndProject
Project("{9A19103F-16F7-4668-BE54-9A1E7A4F7556}") = "Atacadocore.SERV", "Atacadocore.SERV\Atacadocore.SERV.csproj", "{08751E3B-B074-4F11-9CFB-367B812E8A98}"
EndProject
Project("{9A19103F-16F7-4668-BE54-9A1E7A4F7556}") = "ConsoleAppTeste", "ConsoleAppTeste\ConsoleAppTeste.csproj", "{B27F10A2-819A-45DF-9AA9-76F958C5049F}"
EndProject
Project("{FAE04EC0-301F-11D3-BF4B-00C04F79EFBC}") = "AtacadoCoreApi", "AtacadoCoreApi\AtacadoCoreApi.csproj", "{29F0A273-0EA5-4632-91C4-89DD85D430B1}"
EndProject
Global
	GlobalSection(SolutionConfigurationPlatforms) = preSolution
		Debug|Any CPU = Debug|Any CPU
		Release|Any CPU = Release|Any CPU
	EndGlobalSection
	GlobalSection(ProjectConfigurationPlatforms) = postSolution
		{F0095F9B-9811-425E-B378-50D91C051355}.Debug|Any CPU.ActiveCfg = Debug|Any CPU
		{F0095F9B-9811-425E-B378-50D91C051355}.Debug|Any CPU.Build.0 = Debug|Any CPU
		{F0095F9B-9811-425E-B378-50D91C051355}.Release|Any CPU.ActiveCfg = Release|Any CPU
		{F0095F9B-9811-425E-B378-50D91C051355}.Release|Any CPU.Build.0 = Release|Any CPU
		{51A0DB57-E88C-4914-86BE-AA791DD3F1EE}.Debug|Any CPU.ActiveCfg = Debug|Any CPU
		{51A0DB57-E88C-4914-86BE-AA791DD3F1EE}.Debug|Any CPU.Build.0 = Debug|Any CPU
		{51A0DB57-E88C-4914-86BE-AA791DD3F1EE}.Release|Any CPU.ActiveCfg = Release|Any CPU
		{51A0DB57-E88C-4914-86BE-AA791DD3F1EE}.Release|Any CPU.Build.0 = Release|Any CPU
		{8784975D-A009-4FD9-9493-8F260C5D40EE}.Debug|Any CPU.ActiveCfg = Debug|Any CPU
		{8784975D-A009-4FD9-9493-8F260C5D40EE}.Debug|Any CPU.Build.0 = Debug|Any CPU
		{8784975D-A009-4FD9-9493-8F260C5D40EE}.Release|Any CPU.ActiveCfg = Release|Any CPU
		{8784975D-A009-4FD9-9493-8F260C5D40EE}.Release|Any CPU.Build.0 = Release|Any CPU
		{A05C50CB-04FD-409C-9A0B-8106BC3F6C8E}.Debug|Any CPU.ActiveCfg = Debug|Any CPU
		{A05C50CB-04FD-409C-9A0B-8106BC3F6C8E}.Debug|Any CPU.Build.0 = Debug|Any CPU
		{A05C50CB-04FD-409C-9A0B-8106BC3F6C8E}.Release|Any CPU.ActiveCfg = Release|Any CPU
		{A05C50CB-04FD-409C-9A0B-8106BC3F6C8E}.Release|Any CPU.Build.0 = Release|Any CPU
		{08751E3B-B074-4F11-9CFB-367B812E8A98}.Debug|Any CPU.ActiveCfg = Debug|Any CPU
		{08751E3B-B074-4F11-9CFB-367B812E8A98}.Debug|Any CPU.Build.0 = Debug|Any CPU
		{08751E3B-B074-4F11-9CFB-367B812E8A98}.Release|Any CPU.ActiveCfg = Release|Any CPU
		{08751E3B-B074-4F11-9CFB-367B812E8A98}.Release|Any CPU.Build.0 = Release|Any CPU
		{B27F10A2-819A-45DF-9AA9-76F958C5049F}.Debug|Any CPU.ActiveCfg = Debug|Any CPU
		{B27F10A2-819A-45DF-9AA9-76F958C5049F}.Debug|Any CPU.Build.0 = Debug|Any CPU
		{B27F10A2-819A-45DF-9AA9-76F958C5049F}.Release|Any CPU.ActiveCfg = Release|Any CPU
		{B27F10A2-819A-45DF-9AA9-76F958C5049F}.Release|Any CPU.Build.0 = Release|Any CPU
		{29F0A273-0EA5-4632-91C4-89DD85D430B1}.Debug|Any CPU.ActiveCfg = Debug|Any CPU
		{29F0A273-0EA5-4632-91C4-89DD85D430B1}.Debug|Any CPU.Build.0 = Debug|Any CPU
		{29F0A273-0EA5-4632-91C4-89DD85D430B1}.Release|Any CPU.ActiveCfg = Release|Any CPU
		{29F0A273-0EA5-4632-91C4-89DD85D430B1}.Release|Any CPU.Build.0 = Release|Any CPU
	EndGlobalSection
	GlobalSection(SolutionProperties) = preSolution
		HideSolutionNode = FALSE
	EndGlobalSection
	GlobalSection(NestedProjects) = preSolution
		{F0095F9B-9811-425E-B378-50D91C051355} = {7D4D23B4-9CE7-4290-AB2C-AE968583BFA8}
		{51A0DB57-E88C-4914-86BE-AA791DD3F1EE} = {7D4D23B4-9CE7-4290-AB2C-AE968583BFA8}
		{8784975D-A009-4FD9-9493-8F260C5D40EE} = {C9E58250-DB13-4549-96C4-A6693861CAD8}
		{A05C50CB-04FD-409C-9A0B-8106BC3F6C8E} = {C9E58250-DB13-4549-96C4-A6693861CAD8}
		{08751E3B-B074-4F11-9CFB-367B812E8A98} = {C9E58250-DB13-4549-96C4-A6693861CAD8}
		{B27F10A2-819A-45DF-9AA9-76F958C5049F} = {47DBF204-06E2-4C9D-AF0A-CD5C4BAB5790}
		{29F0A273-0EA5-4632-91C4-89DD85D430B1} = {47DBF204-06E2-4C9D-AF0A-CD5C4BAB5790}
	EndGlobalSection
	GlobalSection(ExtensibilityGlobals) = postSolution
		SolutionGuid = {E97456B3-350D-4072-B1F0-BC9BBD391D88}
	EndGlobalSection
EndGlobal
